
Microsoft Visual Studio Solution File, Format Version 12.00
# Visual Studio Version 16
VisualStudioVersion = 16.0.29806.167
MinimumVisualStudioVersion = 10.0.40219.1
Project("{2150E333-8FDC-42A3-9474-1A3956D46DE8}") = "src", "src", "{A2BA8EAA-CFB7-4A33-B20A-4513400804B9}"
EndProject
Project("{2150E333-8FDC-42A3-9474-1A3956D46DE8}") = "tests", "tests", "{830E711D-B713-43B0-99F4-AE90F83926F8}"
EndProject
Project("{9A19103F-16F7-4668-BE54-9A1E7A4F7556}") = "Application", "src\Application\Application.csproj", "{549A8ED9-6BF6-4644-8CD4-C2915B3DB25A}"
EndProject
Project("{9A19103F-16F7-4668-BE54-9A1E7A4F7556}") = "Domain", "src\Domain\Domain.csproj", "{B4F6B628-A6A7-4447-B8DE-D3ED2AF58C55}"
EndProject
Project("{9A19103F-16F7-4668-BE54-9A1E7A4F7556}") = "Infrastructure", "src\Infrastructure\Infrastructure.csproj", "{BF4EF03D-1393-4C9D-9EED-4E6A51D5CEDA}"
EndProject
Project("{9A19103F-16F7-4668-BE54-9A1E7A4F7556}") = "Application.UnitTests", "tests\Application.UnitTests\Application.UnitTests.csproj", "{832FC758-2039-4E70-96CD-C6F6FADCB272}"
EndProject
Project("{9A19103F-16F7-4668-BE54-9A1E7A4F7556}") = "Domain.UnitTests", "tests\Domain.UnitTests\Domain.UnitTests.csproj", "{1F5F097E-9315-4E06-BAA2-F8CCF0810CA3}"
EndProject
Project("{9A19103F-16F7-4668-BE54-9A1E7A4F7556}") = "Lambda", "src\Lambda\Lambda.csproj", "{BC126EC2-FABC-4C33-85E4-04D5A8B54671}"
EndProject
Project("{E24C65DC-7377-472B-9ABA-BC803B73C61A}") = "WebUI", "src\WebUI\", "{0D7522BD-5400-42B1-A85F-C1D98F7D9C22}"
	ProjectSection(WebsiteProperties) = preProject
		TargetFrameworkMoniker = ".NETFramework,Version%3Dv4.0"
		Debug.AspNetCompiler.VirtualPath = "/localhost_61464"
		Debug.AspNetCompiler.PhysicalPath = "src\WebUI\"
		Debug.AspNetCompiler.TargetPath = "PrecompiledWeb\localhost_61464\"
		Debug.AspNetCompiler.Updateable = "true"
		Debug.AspNetCompiler.ForceOverwrite = "true"
		Debug.AspNetCompiler.FixedNames = "false"
		Debug.AspNetCompiler.Debug = "True"
		Release.AspNetCompiler.VirtualPath = "/localhost_61464"
		Release.AspNetCompiler.PhysicalPath = "src\WebUI\"
		Release.AspNetCompiler.TargetPath = "PrecompiledWeb\localhost_61464\"
		Release.AspNetCompiler.Updateable = "true"
		Release.AspNetCompiler.ForceOverwrite = "true"
		Release.AspNetCompiler.FixedNames = "false"
		Release.AspNetCompiler.Debug = "False"
		VWDPort = "61464"
	EndProjectSection
EndProject
Global
	GlobalSection(SolutionConfigurationPlatforms) = preSolution
		Debug|Any CPU = Debug|Any CPU
		Release|Any CPU = Release|Any CPU
	EndGlobalSection
	GlobalSection(ProjectConfigurationPlatforms) = postSolution
		{549A8ED9-6BF6-4644-8CD4-C2915B3DB25A}.Debug|Any CPU.ActiveCfg = Debug|Any CPU
		{549A8ED9-6BF6-4644-8CD4-C2915B3DB25A}.Debug|Any CPU.Build.0 = Debug|Any CPU
		{549A8ED9-6BF6-4644-8CD4-C2915B3DB25A}.Release|Any CPU.ActiveCfg = Release|Any CPU
		{549A8ED9-6BF6-4644-8CD4-C2915B3DB25A}.Release|Any CPU.Build.0 = Release|Any CPU
		{B4F6B628-A6A7-4447-B8DE-D3ED2AF58C55}.Debug|Any CPU.ActiveCfg = Debug|Any CPU
		{B4F6B628-A6A7-4447-B8DE-D3ED2AF58C55}.Debug|Any CPU.Build.0 = Debug|Any CPU
		{B4F6B628-A6A7-4447-B8DE-D3ED2AF58C55}.Release|Any CPU.ActiveCfg = Release|Any CPU
		{B4F6B628-A6A7-4447-B8DE-D3ED2AF58C55}.Release|Any CPU.Build.0 = Release|Any CPU
		{BF4EF03D-1393-4C9D-9EED-4E6A51D5CEDA}.Debug|Any CPU.ActiveCfg = Debug|Any CPU
		{BF4EF03D-1393-4C9D-9EED-4E6A51D5CEDA}.Debug|Any CPU.Build.0 = Debug|Any CPU
		{BF4EF03D-1393-4C9D-9EED-4E6A51D5CEDA}.Release|Any CPU.ActiveCfg = Release|Any CPU
		{BF4EF03D-1393-4C9D-9EED-4E6A51D5CEDA}.Release|Any CPU.Build.0 = Release|Any CPU
		{832FC758-2039-4E70-96CD-C6F6FADCB272}.Debug|Any CPU.ActiveCfg = Debug|Any CPU
		{832FC758-2039-4E70-96CD-C6F6FADCB272}.Debug|Any CPU.Build.0 = Debug|Any CPU
		{832FC758-2039-4E70-96CD-C6F6FADCB272}.Release|Any CPU.ActiveCfg = Release|Any CPU
		{832FC758-2039-4E70-96CD-C6F6FADCB272}.Release|Any CPU.Build.0 = Release|Any CPU
		{1F5F097E-9315-4E06-BAA2-F8CCF0810CA3}.Debug|Any CPU.ActiveCfg = Debug|Any CPU
		{1F5F097E-9315-4E06-BAA2-F8CCF0810CA3}.Debug|Any CPU.Build.0 = Debug|Any CPU
		{1F5F097E-9315-4E06-BAA2-F8CCF0810CA3}.Release|Any CPU.ActiveCfg = Release|Any CPU
		{1F5F097E-9315-4E06-BAA2-F8CCF0810CA3}.Release|Any CPU.Build.0 = Release|Any CPU
		{BC126EC2-FABC-4C33-85E4-04D5A8B54671}.Debug|Any CPU.ActiveCfg = Debug|Any CPU
		{BC126EC2-FABC-4C33-85E4-04D5A8B54671}.Debug|Any CPU.Build.0 = Debug|Any CPU
		{BC126EC2-FABC-4C33-85E4-04D5A8B54671}.Release|Any CPU.ActiveCfg = Release|Any CPU
		{BC126EC2-FABC-4C33-85E4-04D5A8B54671}.Release|Any CPU.Build.0 = Release|Any CPU
		{0D7522BD-5400-42B1-A85F-C1D98F7D9C22}.Debug|Any CPU.ActiveCfg = Debug|Any CPU
		{0D7522BD-5400-42B1-A85F-C1D98F7D9C22}.Debug|Any CPU.Build.0 = Debug|Any CPU
		{0D7522BD-5400-42B1-A85F-C1D98F7D9C22}.Release|Any CPU.ActiveCfg = Debug|Any CPU
		{0D7522BD-5400-42B1-A85F-C1D98F7D9C22}.Release|Any CPU.Build.0 = Debug|Any CPU
	EndGlobalSection
	GlobalSection(SolutionProperties) = preSolution
		HideSolutionNode = FALSE
	EndGlobalSection
	GlobalSection(NestedProjects) = preSolution
		{549A8ED9-6BF6-4644-8CD4-C2915B3DB25A} = {A2BA8EAA-CFB7-4A33-B20A-4513400804B9}
		{B4F6B628-A6A7-4447-B8DE-D3ED2AF58C55} = {A2BA8EAA-CFB7-4A33-B20A-4513400804B9}
		{BF4EF03D-1393-4C9D-9EED-4E6A51D5CEDA} = {A2BA8EAA-CFB7-4A33-B20A-4513400804B9}
		{832FC758-2039-4E70-96CD-C6F6FADCB272} = {830E711D-B713-43B0-99F4-AE90F83926F8}
		{1F5F097E-9315-4E06-BAA2-F8CCF0810CA3} = {830E711D-B713-43B0-99F4-AE90F83926F8}
		{BC126EC2-FABC-4C33-85E4-04D5A8B54671} = {A2BA8EAA-CFB7-4A33-B20A-4513400804B9}
		{0D7522BD-5400-42B1-A85F-C1D98F7D9C22} = {A2BA8EAA-CFB7-4A33-B20A-4513400804B9}
	EndGlobalSection
	GlobalSection(ExtensibilityGlobals) = postSolution
		SolutionGuid = {C484B349-3D35-40AC-B39F-53CC0B8ED39A}
	EndGlobalSection
EndGlobal
